
Microsoft Visual Studio Solution File, Format Version 12.00
# Visual Studio Version 17
VisualStudioVersion = 17.9.34701.34
MinimumVisualStudioVersion = 10.0.40219.1
Project("{FAE04EC0-301F-11D3-BF4B-00C04F79EFBC}") = "Demo6-OnelakeFileWriter", "Demo6-OnelakeFileWriter.csproj", "{1B200D0D-F040-4307-9E3F-E058C1CC835C}"
EndProject
Global
	GlobalSection(SolutionConfigurationPlatforms) = preSolution
		Debug|Any CPU = Debug|Any CPU
		Release|Any CPU = Release|Any CPU
	EndGlobalSection
	GlobalSection(ProjectConfigurationPlatforms) = postSolution
		{1B200D0D-F040-4307-9E3F-E058C1CC835C}.Debug|Any CPU.ActiveCfg = Debug|Any CPU
		{1B200D0D-F040-4307-9E3F-E058C1CC835C}.Debug|Any CPU.Build.0 = Debug|Any CPU
		{1B200D0D-F040-4307-9E3F-E058C1CC835C}.Release|Any CPU.ActiveCfg = Release|Any CPU
		{1B200D0D-F040-4307-9E3F-E058C1CC835C}.Release|Any CPU.Build.0 = Release|Any CPU
	EndGlobalSection
	GlobalSection(SolutionProperties) = preSolution
		HideSolutionNode = FALSE
	EndGlobalSection
	GlobalSection(ExtensibilityGlobals) = postSolution
		SolutionGuid = {3DB6D781-A731-41EA-BA5C-7FCA94C2D8EE}
	EndGlobalSection
EndGlobal
