
Microsoft Visual Studio Solution File, Format Version 12.00
# Visual Studio Version 17
VisualStudioVersion = 17.9.34701.34
MinimumVisualStudioVersion = 10.0.40219.1
Project("{9A19103F-16F7-4668-BE54-9A1E7A4F7556}") = "Demo7-CreateShortcut", "Demo7-CreateShortcut.csproj", "{E6673CEB-8B34-44EC-AFF1-365FE404F64C}"
EndProject
Global
	GlobalSection(SolutionConfigurationPlatforms) = preSolution
		Debug|Any CPU = Debug|Any CPU
		Release|Any CPU = Release|Any CPU
	EndGlobalSection
	GlobalSection(ProjectConfigurationPlatforms) = postSolution
		{E6673CEB-8B34-44EC-AFF1-365FE404F64C}.Debug|Any CPU.ActiveCfg = Debug|Any CPU
		{E6673CEB-8B34-44EC-AFF1-365FE404F64C}.Debug|Any CPU.Build.0 = Debug|Any CPU
		{E6673CEB-8B34-44EC-AFF1-365FE404F64C}.Release|Any CPU.ActiveCfg = Release|Any CPU
		{E6673CEB-8B34-44EC-AFF1-365FE404F64C}.Release|Any CPU.Build.0 = Release|Any CPU
	EndGlobalSection
	GlobalSection(SolutionProperties) = preSolution
		HideSolutionNode = FALSE
	EndGlobalSection
	GlobalSection(ExtensibilityGlobals) = postSolution
		SolutionGuid = {6E341A5D-5550-42BC-B492-5A17BF1CBFE9}
	EndGlobalSection
EndGlobal
