
Microsoft Visual Studio Solution File, Format Version 12.00
# Visual Studio Version 17
VisualStudioVersion = 17.9.34701.34
MinimumVisualStudioVersion = 10.0.40219.1
Project("{FAE04EC0-301F-11D3-BF4B-00C04F79EFBC}") = "Demo3-GitIntegration", "Demo3-GitIntegration.csproj", "{4F3C0470-BC4F-4080-97A4-E0A2FB1B58F8}"
EndProject
Global
	GlobalSection(SolutionConfigurationPlatforms) = preSolution
		Debug|Any CPU = Debug|Any CPU
		Release|Any CPU = Release|Any CPU
	EndGlobalSection
	GlobalSection(ProjectConfigurationPlatforms) = postSolution
		{4F3C0470-BC4F-4080-97A4-E0A2FB1B58F8}.Debug|Any CPU.ActiveCfg = Debug|Any CPU
		{4F3C0470-BC4F-4080-97A4-E0A2FB1B58F8}.Debug|Any CPU.Build.0 = Debug|Any CPU
		{4F3C0470-BC4F-4080-97A4-E0A2FB1B58F8}.Release|Any CPU.ActiveCfg = Release|Any CPU
		{4F3C0470-BC4F-4080-97A4-E0A2FB1B58F8}.Release|Any CPU.Build.0 = Release|Any CPU
	EndGlobalSection
	GlobalSection(SolutionProperties) = preSolution
		HideSolutionNode = FALSE
	EndGlobalSection
	GlobalSection(ExtensibilityGlobals) = postSolution
		SolutionGuid = {C38418D3-8E60-4533-BD78-AEA9637E831D}
	EndGlobalSection
EndGlobal
